
Microsoft Visual Studio Solution File, Format Version 12.00
# Visual Studio 15
VisualStudioVersion = 15.0.28307.489
MinimumVisualStudioVersion = 10.0.40219.1
Project("{8BC9CEB8-8B4A-11D0-8D11-00A0C91BC942}") = "Project1", "Project1\Project1.vcxproj", "{FEE3B504-222C-4BB8-BBCF-2FCF07A79F3B}"
EndProject
Global
	GlobalSection(SolutionConfigurationPlatforms) = preSolution
		Debug|x64 = Debug|x64
		Debug|x86 = Debug|x86
		Release|x64 = Release|x64
		Release|x86 = Release|x86
	EndGlobalSection
	GlobalSection(ProjectConfigurationPlatforms) = postSolution
		{FEE3B504-222C-4BB8-BBCF-2FCF07A79F3B}.Debug|x64.ActiveCfg = Debug|x64
		{FEE3B504-222C-4BB8-BBCF-2FCF07A79F3B}.Debug|x64.Build.0 = Debug|x64
		{FEE3B504-222C-4BB8-BBCF-2FCF07A79F3B}.Debug|x86.ActiveCfg = Debug|Win32
		{FEE3B504-222C-4BB8-BBCF-2FCF07A79F3B}.Debug|x86.Build.0 = Debug|Win32
		{FEE3B504-222C-4BB8-BBCF-2FCF07A79F3B}.Release|x64.ActiveCfg = Release|x64
		{FEE3B504-222C-4BB8-BBCF-2FCF07A79F3B}.Release|x64.Build.0 = Release|x64
		{FEE3B504-222C-4BB8-BBCF-2FCF07A79F3B}.Release|x86.ActiveCfg = Release|Win32
		{FEE3B504-222C-4BB8-BBCF-2FCF07A79F3B}.Release|x86.Build.0 = Release|Win32
	EndGlobalSection
	GlobalSection(SolutionProperties) = preSolution
		HideSolutionNode = FALSE
	EndGlobalSection
	GlobalSection(ExtensibilityGlobals) = postSolution
		SolutionGuid = {8E20BC08-4820-4C0D-BF28-DACF645938EE}
	EndGlobalSection
EndGlobal
