
Microsoft Visual Studio Solution File, Format Version 12.00
# Visual Studio 15
VisualStudioVersion = 15.0.28307.489
MinimumVisualStudioVersion = 10.0.40219.1
Project("{8BC9CEB8-8B4A-11D0-8D11-00A0C91BC942}") = "SixDay", "SixDay\SixDay.vcxproj", "{76931A95-0285-45E8-944C-B16FBE77B490}"
EndProject
Project("{8BC9CEB8-8B4A-11D0-8D11-00A0C91BC942}") = "QQisin", "QQisin\QQisin.vcxproj", "{BBDD9A64-C260-4726-B78A-BC2099ACE737}"
EndProject
Project("{8BC9CEB8-8B4A-11D0-8D11-00A0C91BC942}") = "Web", "Web\Web.vcxproj", "{0C4A8B3B-C02B-4830-BA2B-2FBB7BCF16DD}"
EndProject
Global
	GlobalSection(SolutionConfigurationPlatforms) = preSolution
		Debug|x64 = Debug|x64
		Debug|x86 = Debug|x86
		Release|x64 = Release|x64
		Release|x86 = Release|x86
	EndGlobalSection
	GlobalSection(ProjectConfigurationPlatforms) = postSolution
		{76931A95-0285-45E8-944C-B16FBE77B490}.Debug|x64.ActiveCfg = Debug|x64
		{76931A95-0285-45E8-944C-B16FBE77B490}.Debug|x64.Build.0 = Debug|x64
		{76931A95-0285-45E8-944C-B16FBE77B490}.Debug|x86.ActiveCfg = Debug|Win32
		{76931A95-0285-45E8-944C-B16FBE77B490}.Debug|x86.Build.0 = Debug|Win32
		{76931A95-0285-45E8-944C-B16FBE77B490}.Release|x64.ActiveCfg = Release|x64
		{76931A95-0285-45E8-944C-B16FBE77B490}.Release|x64.Build.0 = Release|x64
		{76931A95-0285-45E8-944C-B16FBE77B490}.Release|x86.ActiveCfg = Release|Win32
		{76931A95-0285-45E8-944C-B16FBE77B490}.Release|x86.Build.0 = Release|Win32
		{BBDD9A64-C260-4726-B78A-BC2099ACE737}.Debug|x64.ActiveCfg = Debug|x64
		{BBDD9A64-C260-4726-B78A-BC2099ACE737}.Debug|x64.Build.0 = Debug|x64
		{BBDD9A64-C260-4726-B78A-BC2099ACE737}.Debug|x86.ActiveCfg = Debug|Win32
		{BBDD9A64-C260-4726-B78A-BC2099ACE737}.Debug|x86.Build.0 = Debug|Win32
		{BBDD9A64-C260-4726-B78A-BC2099ACE737}.Release|x64.ActiveCfg = Release|x64
		{BBDD9A64-C260-4726-B78A-BC2099ACE737}.Release|x64.Build.0 = Release|x64
		{BBDD9A64-C260-4726-B78A-BC2099ACE737}.Release|x86.ActiveCfg = Release|Win32
		{BBDD9A64-C260-4726-B78A-BC2099ACE737}.Release|x86.Build.0 = Release|Win32
		{0C4A8B3B-C02B-4830-BA2B-2FBB7BCF16DD}.Debug|x64.ActiveCfg = Debug|x64
		{0C4A8B3B-C02B-4830-BA2B-2FBB7BCF16DD}.Debug|x64.Build.0 = Debug|x64
		{0C4A8B3B-C02B-4830-BA2B-2FBB7BCF16DD}.Debug|x86.ActiveCfg = Debug|Win32
		{0C4A8B3B-C02B-4830-BA2B-2FBB7BCF16DD}.Debug|x86.Build.0 = Debug|Win32
		{0C4A8B3B-C02B-4830-BA2B-2FBB7BCF16DD}.Release|x64.ActiveCfg = Release|x64
		{0C4A8B3B-C02B-4830-BA2B-2FBB7BCF16DD}.Release|x64.Build.0 = Release|x64
		{0C4A8B3B-C02B-4830-BA2B-2FBB7BCF16DD}.Release|x86.ActiveCfg = Release|Win32
		{0C4A8B3B-C02B-4830-BA2B-2FBB7BCF16DD}.Release|x86.Build.0 = Release|Win32
	EndGlobalSection
	GlobalSection(SolutionProperties) = preSolution
		HideSolutionNode = FALSE
	EndGlobalSection
	GlobalSection(ExtensibilityGlobals) = postSolution
		SolutionGuid = {C19B1B6F-01B7-4892-88BF-A988FA14FF0B}
	EndGlobalSection
EndGlobal
