
Microsoft Visual Studio Solution File, Format Version 12.00
# Visual Studio 15
VisualStudioVersion = 15.0.28307.489
MinimumVisualStudioVersion = 10.0.40219.1
Project("{8BC9CEB8-8B4A-11D0-8D11-00A0C91BC942}") = "Chapter4", "Chapter4\Chapter4.vcxproj", "{17B1AADE-CEBA-454E-B37F-0D366819915E}"
EndProject
Global
	GlobalSection(SolutionConfigurationPlatforms) = preSolution
		Debug|x64 = Debug|x64
		Debug|x86 = Debug|x86
		Release|x64 = Release|x64
		Release|x86 = Release|x86
	EndGlobalSection
	GlobalSection(ProjectConfigurationPlatforms) = postSolution
		{17B1AADE-CEBA-454E-B37F-0D366819915E}.Debug|x64.ActiveCfg = Debug|x64
		{17B1AADE-CEBA-454E-B37F-0D366819915E}.Debug|x64.Build.0 = Debug|x64
		{17B1AADE-CEBA-454E-B37F-0D366819915E}.Debug|x86.ActiveCfg = Debug|Win32
		{17B1AADE-CEBA-454E-B37F-0D366819915E}.Debug|x86.Build.0 = Debug|Win32
		{17B1AADE-CEBA-454E-B37F-0D366819915E}.Release|x64.ActiveCfg = Release|x64
		{17B1AADE-CEBA-454E-B37F-0D366819915E}.Release|x64.Build.0 = Release|x64
		{17B1AADE-CEBA-454E-B37F-0D366819915E}.Release|x86.ActiveCfg = Release|Win32
		{17B1AADE-CEBA-454E-B37F-0D366819915E}.Release|x86.Build.0 = Release|Win32
	EndGlobalSection
	GlobalSection(SolutionProperties) = preSolution
		HideSolutionNode = FALSE
	EndGlobalSection
	GlobalSection(ExtensibilityGlobals) = postSolution
		SolutionGuid = {6DD9163E-D170-4838-8F78-35AB00026898}
	EndGlobalSection
EndGlobal
