
Microsoft Visual Studio Solution File, Format Version 12.00
# Visual Studio 15
VisualStudioVersion = 15.0.28307.489
MinimumVisualStudioVersion = 10.0.40219.1
Project("{8BC9CEB8-8B4A-11D0-8D11-00A0C91BC942}") = "FunctionPoint", "FunctionPoint\FunctionPoint.vcxproj", "{D8FD4448-2D42-4A70-98A2-8C9238F7A6C5}"
EndProject
Global
	GlobalSection(SolutionConfigurationPlatforms) = preSolution
		Debug|x64 = Debug|x64
		Debug|x86 = Debug|x86
		Release|x64 = Release|x64
		Release|x86 = Release|x86
	EndGlobalSection
	GlobalSection(ProjectConfigurationPlatforms) = postSolution
		{D8FD4448-2D42-4A70-98A2-8C9238F7A6C5}.Debug|x64.ActiveCfg = Debug|x64
		{D8FD4448-2D42-4A70-98A2-8C9238F7A6C5}.Debug|x64.Build.0 = Debug|x64
		{D8FD4448-2D42-4A70-98A2-8C9238F7A6C5}.Debug|x86.ActiveCfg = Debug|Win32
		{D8FD4448-2D42-4A70-98A2-8C9238F7A6C5}.Debug|x86.Build.0 = Debug|Win32
		{D8FD4448-2D42-4A70-98A2-8C9238F7A6C5}.Release|x64.ActiveCfg = Release|x64
		{D8FD4448-2D42-4A70-98A2-8C9238F7A6C5}.Release|x64.Build.0 = Release|x64
		{D8FD4448-2D42-4A70-98A2-8C9238F7A6C5}.Release|x86.ActiveCfg = Release|Win32
		{D8FD4448-2D42-4A70-98A2-8C9238F7A6C5}.Release|x86.Build.0 = Release|Win32
	EndGlobalSection
	GlobalSection(SolutionProperties) = preSolution
		HideSolutionNode = FALSE
	EndGlobalSection
	GlobalSection(ExtensibilityGlobals) = postSolution
		SolutionGuid = {3A0C351B-5314-4E9A-999E-879D197C9E19}
	EndGlobalSection
EndGlobal
