
Microsoft Visual Studio Solution File, Format Version 12.00
# Visual Studio 15
VisualStudioVersion = 15.0.28307.489
MinimumVisualStudioVersion = 10.0.40219.1
Project("{8BC9CEB8-8B4A-11D0-8D11-00A0C91BC942}") = "ASCII", "ASCII\ASCII.vcxproj", "{7418035B-8A54-4F1F-9402-E90024CE6457}"
EndProject
Project("{8BC9CEB8-8B4A-11D0-8D11-00A0C91BC942}") = "ASCII0diff", "..\ASCII0diff\ASCII0diff.vcxproj", "{8106F011-A76F-499F-AE32-FFBAE9EDB583}"
EndProject
Project("{8BC9CEB8-8B4A-11D0-8D11-00A0C91BC942}") = "VariableDeclaration", "..\VariableDeclaration\VariableDeclaration.vcxproj", "{AFAB06B4-302A-4103-BAD3-6CD444B844F3}"
EndProject
Global
	GlobalSection(SolutionConfigurationPlatforms) = preSolution
		Debug|x64 = Debug|x64
		Debug|x86 = Debug|x86
		Release|x64 = Release|x64
		Release|x86 = Release|x86
	EndGlobalSection
	GlobalSection(ProjectConfigurationPlatforms) = postSolution
		{7418035B-8A54-4F1F-9402-E90024CE6457}.Debug|x64.ActiveCfg = Debug|x64
		{7418035B-8A54-4F1F-9402-E90024CE6457}.Debug|x64.Build.0 = Debug|x64
		{7418035B-8A54-4F1F-9402-E90024CE6457}.Debug|x86.ActiveCfg = Debug|Win32
		{7418035B-8A54-4F1F-9402-E90024CE6457}.Debug|x86.Build.0 = Debug|Win32
		{7418035B-8A54-4F1F-9402-E90024CE6457}.Release|x64.ActiveCfg = Release|x64
		{7418035B-8A54-4F1F-9402-E90024CE6457}.Release|x64.Build.0 = Release|x64
		{7418035B-8A54-4F1F-9402-E90024CE6457}.Release|x86.ActiveCfg = Release|Win32
		{7418035B-8A54-4F1F-9402-E90024CE6457}.Release|x86.Build.0 = Release|Win32
		{8106F011-A76F-499F-AE32-FFBAE9EDB583}.Debug|x64.ActiveCfg = Debug|x64
		{8106F011-A76F-499F-AE32-FFBAE9EDB583}.Debug|x64.Build.0 = Debug|x64
		{8106F011-A76F-499F-AE32-FFBAE9EDB583}.Debug|x86.ActiveCfg = Debug|Win32
		{8106F011-A76F-499F-AE32-FFBAE9EDB583}.Debug|x86.Build.0 = Debug|Win32
		{8106F011-A76F-499F-AE32-FFBAE9EDB583}.Release|x64.ActiveCfg = Release|x64
		{8106F011-A76F-499F-AE32-FFBAE9EDB583}.Release|x64.Build.0 = Release|x64
		{8106F011-A76F-499F-AE32-FFBAE9EDB583}.Release|x86.ActiveCfg = Release|Win32
		{8106F011-A76F-499F-AE32-FFBAE9EDB583}.Release|x86.Build.0 = Release|Win32
		{AFAB06B4-302A-4103-BAD3-6CD444B844F3}.Debug|x64.ActiveCfg = Debug|x64
		{AFAB06B4-302A-4103-BAD3-6CD444B844F3}.Debug|x64.Build.0 = Debug|x64
		{AFAB06B4-302A-4103-BAD3-6CD444B844F3}.Debug|x86.ActiveCfg = Debug|Win32
		{AFAB06B4-302A-4103-BAD3-6CD444B844F3}.Debug|x86.Build.0 = Debug|Win32
		{AFAB06B4-302A-4103-BAD3-6CD444B844F3}.Release|x64.ActiveCfg = Release|x64
		{AFAB06B4-302A-4103-BAD3-6CD444B844F3}.Release|x64.Build.0 = Release|x64
		{AFAB06B4-302A-4103-BAD3-6CD444B844F3}.Release|x86.ActiveCfg = Release|Win32
		{AFAB06B4-302A-4103-BAD3-6CD444B844F3}.Release|x86.Build.0 = Release|Win32
	EndGlobalSection
	GlobalSection(SolutionProperties) = preSolution
		HideSolutionNode = FALSE
	EndGlobalSection
	GlobalSection(ExtensibilityGlobals) = postSolution
		SolutionGuid = {B16F2276-1EC9-4EF6-A5B0-63F9544A3D0A}
	EndGlobalSection
EndGlobal
