
Microsoft Visual Studio Solution File, Format Version 12.00
# Visual Studio 15
VisualStudioVersion = 15.0.28307.539
MinimumVisualStudioVersion = 10.0.40219.1
Project("{8BC9CEB8-8B4A-11D0-8D11-00A0C91BC942}") = "Project1", "Project1\Project1.vcxproj", "{FBB4B184-5EE1-46C0-B189-1356E756A7F3}"
EndProject
Global
	GlobalSection(SolutionConfigurationPlatforms) = preSolution
		Debug|x64 = Debug|x64
		Debug|x86 = Debug|x86
		Release|x64 = Release|x64
		Release|x86 = Release|x86
	EndGlobalSection
	GlobalSection(ProjectConfigurationPlatforms) = postSolution
		{FBB4B184-5EE1-46C0-B189-1356E756A7F3}.Debug|x64.ActiveCfg = Debug|x64
		{FBB4B184-5EE1-46C0-B189-1356E756A7F3}.Debug|x64.Build.0 = Debug|x64
		{FBB4B184-5EE1-46C0-B189-1356E756A7F3}.Debug|x86.ActiveCfg = Debug|Win32
		{FBB4B184-5EE1-46C0-B189-1356E756A7F3}.Debug|x86.Build.0 = Debug|Win32
		{FBB4B184-5EE1-46C0-B189-1356E756A7F3}.Release|x64.ActiveCfg = Release|x64
		{FBB4B184-5EE1-46C0-B189-1356E756A7F3}.Release|x64.Build.0 = Release|x64
		{FBB4B184-5EE1-46C0-B189-1356E756A7F3}.Release|x86.ActiveCfg = Release|Win32
		{FBB4B184-5EE1-46C0-B189-1356E756A7F3}.Release|x86.Build.0 = Release|Win32
	EndGlobalSection
	GlobalSection(SolutionProperties) = preSolution
		HideSolutionNode = FALSE
	EndGlobalSection
	GlobalSection(ExtensibilityGlobals) = postSolution
		SolutionGuid = {D04AFF93-F30E-4252-8360-E187D70EF3F3}
	EndGlobalSection
EndGlobal
