
Microsoft Visual Studio Solution File, Format Version 12.00
# Visual Studio 15
VisualStudioVersion = 15.0.28307.539
MinimumVisualStudioVersion = 10.0.40219.1
Project("{8BC9CEB8-8B4A-11D0-8D11-00A0C91BC942}") = "chapter6.4", "chapter6.4\chapter6.4.vcxproj", "{DA2FC0C3-68EA-4F69-84F0-BEF5A2371588}"
EndProject
Global
	GlobalSection(SolutionConfigurationPlatforms) = preSolution
		Debug|x64 = Debug|x64
		Debug|x86 = Debug|x86
		Release|x64 = Release|x64
		Release|x86 = Release|x86
	EndGlobalSection
	GlobalSection(ProjectConfigurationPlatforms) = postSolution
		{DA2FC0C3-68EA-4F69-84F0-BEF5A2371588}.Debug|x64.ActiveCfg = Debug|x64
		{DA2FC0C3-68EA-4F69-84F0-BEF5A2371588}.Debug|x64.Build.0 = Debug|x64
		{DA2FC0C3-68EA-4F69-84F0-BEF5A2371588}.Debug|x86.ActiveCfg = Debug|Win32
		{DA2FC0C3-68EA-4F69-84F0-BEF5A2371588}.Debug|x86.Build.0 = Debug|Win32
		{DA2FC0C3-68EA-4F69-84F0-BEF5A2371588}.Release|x64.ActiveCfg = Release|x64
		{DA2FC0C3-68EA-4F69-84F0-BEF5A2371588}.Release|x64.Build.0 = Release|x64
		{DA2FC0C3-68EA-4F69-84F0-BEF5A2371588}.Release|x86.ActiveCfg = Release|Win32
		{DA2FC0C3-68EA-4F69-84F0-BEF5A2371588}.Release|x86.Build.0 = Release|Win32
	EndGlobalSection
	GlobalSection(SolutionProperties) = preSolution
		HideSolutionNode = FALSE
	EndGlobalSection
	GlobalSection(ExtensibilityGlobals) = postSolution
		SolutionGuid = {5485E805-EE81-4FA6-AA54-81324D8D693F}
	EndGlobalSection
EndGlobal
