
Microsoft Visual Studio Solution File, Format Version 12.00
# Visual Studio 15
VisualStudioVersion = 15.0.28307.539
MinimumVisualStudioVersion = 10.0.40219.1
Project("{8BC9CEB8-8B4A-11D0-8D11-00A0C91BC942}") = "FirstKnowComplement", "FirstKnowComplement\FirstKnowComplement.vcxproj", "{F95245A9-DF1C-4E7F-A6AD-F8E2B969E1A6}"
EndProject
Global
	GlobalSection(SolutionConfigurationPlatforms) = preSolution
		Debug|x64 = Debug|x64
		Debug|x86 = Debug|x86
		Release|x64 = Release|x64
		Release|x86 = Release|x86
	EndGlobalSection
	GlobalSection(ProjectConfigurationPlatforms) = postSolution
		{F95245A9-DF1C-4E7F-A6AD-F8E2B969E1A6}.Debug|x64.ActiveCfg = Debug|x64
		{F95245A9-DF1C-4E7F-A6AD-F8E2B969E1A6}.Debug|x64.Build.0 = Debug|x64
		{F95245A9-DF1C-4E7F-A6AD-F8E2B969E1A6}.Debug|x86.ActiveCfg = Debug|Win32
		{F95245A9-DF1C-4E7F-A6AD-F8E2B969E1A6}.Debug|x86.Build.0 = Debug|Win32
		{F95245A9-DF1C-4E7F-A6AD-F8E2B969E1A6}.Release|x64.ActiveCfg = Release|x64
		{F95245A9-DF1C-4E7F-A6AD-F8E2B969E1A6}.Release|x64.Build.0 = Release|x64
		{F95245A9-DF1C-4E7F-A6AD-F8E2B969E1A6}.Release|x86.ActiveCfg = Release|Win32
		{F95245A9-DF1C-4E7F-A6AD-F8E2B969E1A6}.Release|x86.Build.0 = Release|Win32
	EndGlobalSection
	GlobalSection(SolutionProperties) = preSolution
		HideSolutionNode = FALSE
	EndGlobalSection
	GlobalSection(ExtensibilityGlobals) = postSolution
		SolutionGuid = {1566EC56-1DF6-4E52-BFBC-6B1130C54E2A}
	EndGlobalSection
EndGlobal
