
Microsoft Visual Studio Solution File, Format Version 12.00
# Visual Studio 15
VisualStudioVersion = 15.0.28307.539
MinimumVisualStudioVersion = 10.0.40219.1
Project("{8BC9CEB8-8B4A-11D0-8D11-00A0C91BC942}") = "Booting", "Booting\Booting.vcxproj", "{64814696-8161-49E3-A232-284D7F7E379A}"
EndProject
Global
	GlobalSection(SolutionConfigurationPlatforms) = preSolution
		Debug|x64 = Debug|x64
		Debug|x86 = Debug|x86
		Release|x64 = Release|x64
		Release|x86 = Release|x86
	EndGlobalSection
	GlobalSection(ProjectConfigurationPlatforms) = postSolution
		{64814696-8161-49E3-A232-284D7F7E379A}.Debug|x64.ActiveCfg = Debug|x64
		{64814696-8161-49E3-A232-284D7F7E379A}.Debug|x64.Build.0 = Debug|x64
		{64814696-8161-49E3-A232-284D7F7E379A}.Debug|x86.ActiveCfg = Debug|Win32
		{64814696-8161-49E3-A232-284D7F7E379A}.Debug|x86.Build.0 = Debug|Win32
		{64814696-8161-49E3-A232-284D7F7E379A}.Release|x64.ActiveCfg = Release|x64
		{64814696-8161-49E3-A232-284D7F7E379A}.Release|x64.Build.0 = Release|x64
		{64814696-8161-49E3-A232-284D7F7E379A}.Release|x86.ActiveCfg = Release|Win32
		{64814696-8161-49E3-A232-284D7F7E379A}.Release|x86.Build.0 = Release|Win32
	EndGlobalSection
	GlobalSection(SolutionProperties) = preSolution
		HideSolutionNode = FALSE
	EndGlobalSection
	GlobalSection(ExtensibilityGlobals) = postSolution
		SolutionGuid = {07464D29-1C2C-4ACC-92C9-64656ACC06E8}
	EndGlobalSection
EndGlobal
