
Microsoft Visual Studio Solution File, Format Version 12.00
# Visual Studio 15
VisualStudioVersion = 15.0.28307.489
MinimumVisualStudioVersion = 10.0.40219.1
Project("{8BC9CEB8-8B4A-11D0-8D11-00A0C91BC942}") = "C99Bool", "C99Bool\C99Bool.vcxproj", "{D8A09323-DDD5-494B-A595-698AC1339931}"
EndProject
Global
	GlobalSection(SolutionConfigurationPlatforms) = preSolution
		Debug|x64 = Debug|x64
		Debug|x86 = Debug|x86
		Release|x64 = Release|x64
		Release|x86 = Release|x86
	EndGlobalSection
	GlobalSection(ProjectConfigurationPlatforms) = postSolution
		{D8A09323-DDD5-494B-A595-698AC1339931}.Debug|x64.ActiveCfg = Debug|x64
		{D8A09323-DDD5-494B-A595-698AC1339931}.Debug|x64.Build.0 = Debug|x64
		{D8A09323-DDD5-494B-A595-698AC1339931}.Debug|x86.ActiveCfg = Debug|Win32
		{D8A09323-DDD5-494B-A595-698AC1339931}.Debug|x86.Build.0 = Debug|Win32
		{D8A09323-DDD5-494B-A595-698AC1339931}.Release|x64.ActiveCfg = Release|x64
		{D8A09323-DDD5-494B-A595-698AC1339931}.Release|x64.Build.0 = Release|x64
		{D8A09323-DDD5-494B-A595-698AC1339931}.Release|x86.ActiveCfg = Release|Win32
		{D8A09323-DDD5-494B-A595-698AC1339931}.Release|x86.Build.0 = Release|Win32
	EndGlobalSection
	GlobalSection(SolutionProperties) = preSolution
		HideSolutionNode = FALSE
	EndGlobalSection
	GlobalSection(ExtensibilityGlobals) = postSolution
		SolutionGuid = {F81A7996-02AB-4F73-A2F2-3E1DD7ADA24F}
	EndGlobalSection
EndGlobal
