
Microsoft Visual Studio Solution File, Format Version 12.00
# Visual Studio Version 16
VisualStudioVersion = 16.0.29230.47
MinimumVisualStudioVersion = 10.0.40219.1
Project("{8BC9CEB8-8B4A-11D0-8D11-00A0C91BC942}") = "BSD", "BSD\BSD.vcxproj", "{FD7F413E-78B9-4562-BEE5-94A42B5BEF81}"
EndProject
Global
	GlobalSection(SolutionConfigurationPlatforms) = preSolution
		Debug|x64 = Debug|x64
		Debug|x86 = Debug|x86
		Release|x64 = Release|x64
		Release|x86 = Release|x86
	EndGlobalSection
	GlobalSection(ProjectConfigurationPlatforms) = postSolution
		{FD7F413E-78B9-4562-BEE5-94A42B5BEF81}.Debug|x64.ActiveCfg = Debug|x64
		{FD7F413E-78B9-4562-BEE5-94A42B5BEF81}.Debug|x64.Build.0 = Debug|x64
		{FD7F413E-78B9-4562-BEE5-94A42B5BEF81}.Debug|x86.ActiveCfg = Debug|Win32
		{FD7F413E-78B9-4562-BEE5-94A42B5BEF81}.Debug|x86.Build.0 = Debug|Win32
		{FD7F413E-78B9-4562-BEE5-94A42B5BEF81}.Release|x64.ActiveCfg = Release|x64
		{FD7F413E-78B9-4562-BEE5-94A42B5BEF81}.Release|x64.Build.0 = Release|x64
		{FD7F413E-78B9-4562-BEE5-94A42B5BEF81}.Release|x86.ActiveCfg = Release|Win32
		{FD7F413E-78B9-4562-BEE5-94A42B5BEF81}.Release|x86.Build.0 = Release|Win32
	EndGlobalSection
	GlobalSection(SolutionProperties) = preSolution
		HideSolutionNode = FALSE
	EndGlobalSection
	GlobalSection(ExtensibilityGlobals) = postSolution
		SolutionGuid = {6CBD616B-9F37-4732-9659-A269255F243C}
	EndGlobalSection
EndGlobal
