
Microsoft Visual Studio Solution File, Format Version 12.00
# Visual Studio 15
VisualStudioVersion = 15.0.28307.489
MinimumVisualStudioVersion = 10.0.40219.1
Project("{8BC9CEB8-8B4A-11D0-8D11-00A0C91BC942}") = "main", "main\main.vcxproj", "{F0E51C52-892C-4D93-8BD2-787BFD6B60E2}"
EndProject
Global
	GlobalSection(SolutionConfigurationPlatforms) = preSolution
		Debug|x64 = Debug|x64
		Debug|x86 = Debug|x86
		Release|x64 = Release|x64
		Release|x86 = Release|x86
	EndGlobalSection
	GlobalSection(ProjectConfigurationPlatforms) = postSolution
		{F0E51C52-892C-4D93-8BD2-787BFD6B60E2}.Debug|x64.ActiveCfg = Debug|x64
		{F0E51C52-892C-4D93-8BD2-787BFD6B60E2}.Debug|x64.Build.0 = Debug|x64
		{F0E51C52-892C-4D93-8BD2-787BFD6B60E2}.Debug|x86.ActiveCfg = Debug|Win32
		{F0E51C52-892C-4D93-8BD2-787BFD6B60E2}.Debug|x86.Build.0 = Debug|Win32
		{F0E51C52-892C-4D93-8BD2-787BFD6B60E2}.Release|x64.ActiveCfg = Release|x64
		{F0E51C52-892C-4D93-8BD2-787BFD6B60E2}.Release|x64.Build.0 = Release|x64
		{F0E51C52-892C-4D93-8BD2-787BFD6B60E2}.Release|x86.ActiveCfg = Release|Win32
		{F0E51C52-892C-4D93-8BD2-787BFD6B60E2}.Release|x86.Build.0 = Release|Win32
	EndGlobalSection
	GlobalSection(SolutionProperties) = preSolution
		HideSolutionNode = FALSE
	EndGlobalSection
	GlobalSection(ExtensibilityGlobals) = postSolution
		SolutionGuid = {1652C2DE-1A6B-4D33-9A89-3100171200F1}
	EndGlobalSection
EndGlobal
