
Microsoft Visual Studio Solution File, Format Version 12.00
# Visual Studio 15
VisualStudioVersion = 15.0.28307.489
MinimumVisualStudioVersion = 10.0.40219.1
Project("{8BC9CEB8-8B4A-11D0-8D11-00A0C91BC942}") = "define", "define\define.vcxproj", "{2A85F8DB-EAAC-45AC-A123-449DD8790B33}"
EndProject
Project("{8BC9CEB8-8B4A-11D0-8D11-00A0C91BC942}") = "defineDemo", "..\defineDemo\defineDemo.vcxproj", "{23F62952-C854-4045-8B51-3A39682983CC}"
EndProject
Project("{8BC9CEB8-8B4A-11D0-8D11-00A0C91BC942}") = "Values", "..\Values\Values.vcxproj", "{51948419-D4D6-46E9-AC8D-AA91CAA86B90}"
EndProject
Global
	GlobalSection(SolutionConfigurationPlatforms) = preSolution
		Debug|x64 = Debug|x64
		Debug|x86 = Debug|x86
		Release|x64 = Release|x64
		Release|x86 = Release|x86
	EndGlobalSection
	GlobalSection(ProjectConfigurationPlatforms) = postSolution
		{2A85F8DB-EAAC-45AC-A123-449DD8790B33}.Debug|x64.ActiveCfg = Debug|x64
		{2A85F8DB-EAAC-45AC-A123-449DD8790B33}.Debug|x64.Build.0 = Debug|x64
		{2A85F8DB-EAAC-45AC-A123-449DD8790B33}.Debug|x86.ActiveCfg = Debug|Win32
		{2A85F8DB-EAAC-45AC-A123-449DD8790B33}.Debug|x86.Build.0 = Debug|Win32
		{2A85F8DB-EAAC-45AC-A123-449DD8790B33}.Release|x64.ActiveCfg = Release|x64
		{2A85F8DB-EAAC-45AC-A123-449DD8790B33}.Release|x64.Build.0 = Release|x64
		{2A85F8DB-EAAC-45AC-A123-449DD8790B33}.Release|x86.ActiveCfg = Release|Win32
		{2A85F8DB-EAAC-45AC-A123-449DD8790B33}.Release|x86.Build.0 = Release|Win32
		{23F62952-C854-4045-8B51-3A39682983CC}.Debug|x64.ActiveCfg = Debug|x64
		{23F62952-C854-4045-8B51-3A39682983CC}.Debug|x64.Build.0 = Debug|x64
		{23F62952-C854-4045-8B51-3A39682983CC}.Debug|x86.ActiveCfg = Debug|Win32
		{23F62952-C854-4045-8B51-3A39682983CC}.Debug|x86.Build.0 = Debug|Win32
		{23F62952-C854-4045-8B51-3A39682983CC}.Release|x64.ActiveCfg = Release|x64
		{23F62952-C854-4045-8B51-3A39682983CC}.Release|x64.Build.0 = Release|x64
		{23F62952-C854-4045-8B51-3A39682983CC}.Release|x86.ActiveCfg = Release|Win32
		{23F62952-C854-4045-8B51-3A39682983CC}.Release|x86.Build.0 = Release|Win32
		{51948419-D4D6-46E9-AC8D-AA91CAA86B90}.Debug|x64.ActiveCfg = Debug|x64
		{51948419-D4D6-46E9-AC8D-AA91CAA86B90}.Debug|x64.Build.0 = Debug|x64
		{51948419-D4D6-46E9-AC8D-AA91CAA86B90}.Debug|x86.ActiveCfg = Debug|Win32
		{51948419-D4D6-46E9-AC8D-AA91CAA86B90}.Debug|x86.Build.0 = Debug|Win32
		{51948419-D4D6-46E9-AC8D-AA91CAA86B90}.Release|x64.ActiveCfg = Release|x64
		{51948419-D4D6-46E9-AC8D-AA91CAA86B90}.Release|x64.Build.0 = Release|x64
		{51948419-D4D6-46E9-AC8D-AA91CAA86B90}.Release|x86.ActiveCfg = Release|Win32
		{51948419-D4D6-46E9-AC8D-AA91CAA86B90}.Release|x86.Build.0 = Release|Win32
	EndGlobalSection
	GlobalSection(SolutionProperties) = preSolution
		HideSolutionNode = FALSE
	EndGlobalSection
	GlobalSection(ExtensibilityGlobals) = postSolution
		SolutionGuid = {589BBC29-6359-49AD-BC68-3EC11548232A}
	EndGlobalSection
EndGlobal
